// !$*UTF8*$!
{
	archiveVersion = 1;
	classes = {
	};
	objectVersion = 56;
	objects = {

/* Begin PBXBuildFile section */
		12F86AF32AA226A8003FD240 /* lingoesApp.swift in Sources */ = {isa = PBXBuildFile; fileRef = 12F86AF22AA226A8003FD240 /* lingoesApp.swift */; };
		12F86AF52AA226A8003FD240 /* Persistence.swift in Sources */ = {isa = PBXBuildFile; fileRef = 12F86AF42AA226A8003FD240 /* Persistence.swift */; };
		12F86AF82AA226A8003FD240 /* lingoes.xcdatamodeld in Sources */ = {isa = PBXBuildFile; fileRef = 12F86AF62AA226A8003FD240 /* lingoes.xcdatamodeld */; };
		12F86AFA2AA226A8003FD240 /* ContentView.swift in Sources */ = {isa = PBXBuildFile; fileRef = 12F86AF92AA226A8003FD240 /* ContentView.swift */; };
		12F86AFC2AA226A9003FD240 /* Assets.xcassets in Resources */ = {isa = PBXBuildFile; fileRef = 12F86AFB2AA226A9003FD240 /* Assets.xcassets */; };
		12F86B002AA226A9003FD240 /* Preview Assets.xcassets in Resources */ = {isa = PBXBuildFile; fileRef = 12F86AFF2AA226A9003FD240 /* Preview Assets.xcassets */; };
		12F86B0E2AA22D0A003FD240 /* OnboardingView.swift in Sources */ = {isa = PBXBuildFile; fileRef = 12F86B0D2AA22D0A003FD240 /* OnboardingView.swift */; };
		12F86B152AA22E88003FD240 /* HomeView.swift in Sources */ = {isa = PBXBuildFile; fileRef = 12F86B142AA22E88003FD240 /* HomeView.swift */; };
		12F86B182AA23834003FD240 /* SizeBox.swift in Sources */ = {isa = PBXBuildFile; fileRef = 12F86B172AA23834003FD240 /* SizeBox.swift */; };
		12F86B1D2AA23B17003FD240 /* ButtonStyles.swift in Sources */ = {isa = PBXBuildFile; fileRef = 12F86B1C2AA23B17003FD240 /* ButtonStyles.swift */; };
		12F86B1F2AA24E1B003FD240 /* OnBoardingViewModel.swift in Sources */ = {isa = PBXBuildFile; fileRef = 12F86B1E2AA24E1B003FD240 /* OnBoardingViewModel.swift */; };
		12F86B232AA25344003FD240 /* OnboardingControl.swift in Sources */ = {isa = PBXBuildFile; fileRef = 12F86B222AA25344003FD240 /* OnboardingControl.swift */; };
		12F86B272AA25BA5003FD240 /* AuthView.swift in Sources */ = {isa = PBXBuildFile; fileRef = 12F86B262AA25BA5003FD240 /* AuthView.swift */; };
/* End PBXBuildFile section */

/* Begin PBXFileReference section */
		12F86AEF2AA226A8003FD240 /* lingoes.app */ = {isa = PBXFileReference; explicitFileType = wrapper.application; includeInIndex = 0; path = lingoes.app; sourceTree = BUILT_PRODUCTS_DIR; };
		12F86AF22AA226A8003FD240 /* lingoesApp.swift */ = {isa = PBXFileReference; lastKnownFileType = sourcecode.swift; path = lingoesApp.swift; sourceTree = "<group>"; };
		12F86AF42AA226A8003FD240 /* Persistence.swift */ = {isa = PBXFileReference; lastKnownFileType = sourcecode.swift; path = Persistence.swift; sourceTree = "<group>"; };
		12F86AF72AA226A8003FD240 /* lingoes.xcdatamodel */ = {isa = PBXFileReference; lastKnownFileType = wrapper.xcdatamodel; path = lingoes.xcdatamodel; sourceTree = "<group>"; };
		12F86AF92AA226A8003FD240 /* ContentView.swift */ = {isa = PBXFileReference; lastKnownFileType = sourcecode.swift; path = ContentView.swift; sourceTree = "<group>"; };
		12F86AFB2AA226A9003FD240 /* Assets.xcassets */ = {isa = PBXFileReference; lastKnownFileType = folder.assetcatalog; path = Assets.xcassets; sourceTree = "<group>"; };
		12F86AFD2AA226A9003FD240 /* lingoes.entitlements */ = {isa = PBXFileReference; lastKnownFileType = text.plist.entitlements; path = lingoes.entitlements; sourceTree = "<group>"; };
		12F86AFF2AA226A9003FD240 /* Preview Assets.xcassets */ = {isa = PBXFileReference; lastKnownFileType = folder.assetcatalog; path = "Preview Assets.xcassets"; sourceTree = "<group>"; };
		12F86B062AA22ACF003FD240 /* Info.plist */ = {isa = PBXFileReference; lastKnownFileType = text.plist; path = Info.plist; sourceTree = "<group>"; };
		12F86B0D2AA22D0A003FD240 /* OnboardingView.swift */ = {isa = PBXFileReference; lastKnownFileType = sourcecode.swift; path = OnboardingView.swift; sourceTree = "<group>"; };
		12F86B142AA22E88003FD240 /* HomeView.swift */ = {isa = PBXFileReference; lastKnownFileType = sourcecode.swift; path = HomeView.swift; sourceTree = "<group>"; };
		12F86B172AA23834003FD240 /* SizeBox.swift */ = {isa = PBXFileReference; lastKnownFileType = sourcecode.swift; path = SizeBox.swift; sourceTree = "<group>"; };
		12F86B1C2AA23B17003FD240 /* ButtonStyles.swift */ = {isa = PBXFileReference; lastKnownFileType = sourcecode.swift; path = ButtonStyles.swift; sourceTree = "<group>"; };
		12F86B1E2AA24E1B003FD240 /* OnBoardingViewModel.swift */ = {isa = PBXFileReference; lastKnownFileType = sourcecode.swift; path = OnBoardingViewModel.swift; sourceTree = "<group>"; };
		12F86B222AA25344003FD240 /* OnboardingControl.swift */ = {isa = PBXFileReference; lastKnownFileType = sourcecode.swift; path = OnboardingControl.swift; sourceTree = "<group>"; };
		12F86B262AA25BA5003FD240 /* AuthView.swift */ = {isa = PBXFileReference; lastKnownFileType = sourcecode.swift; path = AuthView.swift; sourceTree = "<group>"; };
/* End PBXFileReference section */

/* Begin PBXFrameworksBuildPhase section */
		12F86AEC2AA226A8003FD240 /* Frameworks */ = {
			isa = PBXFrameworksBuildPhase;
			buildActionMask = 2147483647;
			files = (
			);
			runOnlyForDeploymentPostprocessing = 0;
		};
/* End PBXFrameworksBuildPhase section */

/* Begin PBXGroup section */
		12F86AE62AA226A8003FD240 = {
			isa = PBXGroup;
			children = (
				12F86AF12AA226A8003FD240 /* lingoes */,
				12F86AF02AA226A8003FD240 /* Products */,
			);
			sourceTree = "<group>";
		};
		12F86AF02AA226A8003FD240 /* Products */ = {
			isa = PBXGroup;
			children = (
				12F86AEF2AA226A8003FD240 /* lingoes.app */,
			);
			name = Products;
			sourceTree = "<group>";
		};
		12F86AF12AA226A8003FD240 /* lingoes */ = {
			isa = PBXGroup;
			children = (
				12F86B0A2AA22C28003FD240 /* Helpers */,
				12F86B092AA22C1A003FD240 /* Services */,
				12F86B072AA22BDF003FD240 /* Screens */,
				12F86B1B2AA23AFE003FD240 /* Styles */,
				12F86B0B2AA22C59003FD240 /* Shared */,
				12F86AFE2AA226A9003FD240 /* Preview Content */,
				12F86AFB2AA226A9003FD240 /* Assets.xcassets */,
				12F86AF92AA226A8003FD240 /* ContentView.swift */,
				12F86B062AA22ACF003FD240 /* Info.plist */,
				12F86AFD2AA226A9003FD240 /* lingoes.entitlements */,
				12F86AF62AA226A8003FD240 /* lingoes.xcdatamodeld */,
				12F86AF22AA226A8003FD240 /* lingoesApp.swift */,
				12F86AF42AA226A8003FD240 /* Persistence.swift */,
			);
			path = lingoes;
			sourceTree = "<group>";
		};
		12F86AFE2AA226A9003FD240 /* Preview Content */ = {
			isa = PBXGroup;
			children = (
				12F86AFF2AA226A9003FD240 /* Preview Assets.xcassets */,
			);
			path = "Preview Content";
			sourceTree = "<group>";
		};
		12F86B072AA22BDF003FD240 /* Screens */ = {
			isa = PBXGroup;
			children = (
				12F86B242AA25B93003FD240 /* Auth */,
				12F86B122AA22E6E003FD240 /* Home */,
				12F86B0C2AA22CE9003FD240 /* Onboarding */,
			);
			path = Screens;
			sourceTree = "<group>";
		};
		12F86B092AA22C1A003FD240 /* Services */ = {
			isa = PBXGroup;
			children = (
			);
			path = Services;
			sourceTree = "<group>";
		};
		12F86B0A2AA22C28003FD240 /* Helpers */ = {
			isa = PBXGroup;
			children = (
			);
			path = Helpers;
			sourceTree = "<group>";
		};
		12F86B0B2AA22C59003FD240 /* Shared */ = {
			isa = PBXGroup;
			children = (
				12F86B162AA23803003FD240 /* Views */,
			);
			path = Shared;
			sourceTree = "<group>";
		};
		12F86B0C2AA22CE9003FD240 /* Onboarding */ = {
			isa = PBXGroup;
			children = (
				12F86B112AA22D80003FD240 /* Models */,
				12F86B102AA22D6A003FD240 /* ViewModels */,
				12F86B0F2AA22D58003FD240 /* Views */,
			);
			path = Onboarding;
			sourceTree = "<group>";
		};
		12F86B0F2AA22D58003FD240 /* Views */ = {
			isa = PBXGroup;
			children = (
				12F86B0D2AA22D0A003FD240 /* OnboardingView.swift */,
				12F86B222AA25344003FD240 /* OnboardingControl.swift */,
			);
			path = Views;
			sourceTree = "<group>";
		};
		12F86B102AA22D6A003FD240 /* ViewModels */ = {
			isa = PBXGroup;
			children = (
				12F86B1E2AA24E1B003FD240 /* OnBoardingViewModel.swift */,
			);
			path = ViewModels;
			sourceTree = "<group>";
		};
		12F86B112AA22D80003FD240 /* Models */ = {
			isa = PBXGroup;
			children = (
			);
			path = Models;
			sourceTree = "<group>";
		};
		12F86B122AA22E6E003FD240 /* Home */ = {
			isa = PBXGroup;
			children = (
				12F86B132AA22E7A003FD240 /* Views */,
			);
			path = Home;
			sourceTree = "<group>";
		};
		12F86B132AA22E7A003FD240 /* Views */ = {
			isa = PBXGroup;
			children = (
				12F86B142AA22E88003FD240 /* HomeView.swift */,
			);
			path = Views;
			sourceTree = "<group>";
		};
		12F86B162AA23803003FD240 /* Views */ = {
			isa = PBXGroup;
			children = (
				12F86B172AA23834003FD240 /* SizeBox.swift */,
			);
			path = Views;
			sourceTree = "<group>";
		};
		12F86B1B2AA23AFE003FD240 /* Styles */ = {
			isa = PBXGroup;
			children = (
				12F86B1C2AA23B17003FD240 /* ButtonStyles.swift */,
			);
			path = Styles;
			sourceTree = "<group>";
		};
		12F86B242AA25B93003FD240 /* Auth */ = {
			isa = PBXGroup;
			children = (
				12F86B252AA25B99003FD240 /* Views */,
			);
			path = Auth;
			sourceTree = "<group>";
		};
		12F86B252AA25B99003FD240 /* Views */ = {
			isa = PBXGroup;
			children = (
				12F86B262AA25BA5003FD240 /* AuthView.swift */,
			);
			path = Views;
			sourceTree = "<group>";
		};
/* End PBXGroup section */

/* Begin PBXNativeTarget section */
		12F86AEE2AA226A8003FD240 /* lingoes */ = {
			isa = PBXNativeTarget;
			buildConfigurationList = 12F86B032AA226A9003FD240 /* Build configuration list for PBXNativeTarget "lingoes" */;
			buildPhases = (
				12F86AEB2AA226A8003FD240 /* Sources */,
				12F86AEC2AA226A8003FD240 /* Frameworks */,
				12F86AED2AA226A8003FD240 /* Resources */,
			);
			buildRules = (
			);
			dependencies = (
			);
			name = lingoes;
			productName = lingoes;
			productReference = 12F86AEF2AA226A8003FD240 /* lingoes.app */;
			productType = "com.apple.product-type.application";
		};
/* End PBXNativeTarget section */

/* Begin PBXProject section */
		12F86AE72AA226A8003FD240 /* Project object */ = {
			isa = PBXProject;
			attributes = {
				BuildIndependentTargetsInParallel = 1;
				LastSwiftUpdateCheck = 1430;
				LastUpgradeCheck = 1430;
				TargetAttributes = {
					12F86AEE2AA226A8003FD240 = {
						CreatedOnToolsVersion = 14.3.1;
					};
				};
			};
			buildConfigurationList = 12F86AEA2AA226A8003FD240 /* Build configuration list for PBXProject "lingoes" */;
			compatibilityVersion = "Xcode 14.0";
			developmentRegion = en;
			hasScannedForEncodings = 0;
			knownRegions = (
				en,
				Base,
			);
			mainGroup = 12F86AE62AA226A8003FD240;
			productRefGroup = 12F86AF02AA226A8003FD240 /* Products */;
			projectDirPath = "";
			projectRoot = "";
			targets = (
				12F86AEE2AA226A8003FD240 /* lingoes */,
			);
		};
/* End PBXProject section */

/* Begin PBXResourcesBuildPhase section */
		12F86AED2AA226A8003FD240 /* Resources */ = {
			isa = PBXResourcesBuildPhase;
			buildActionMask = 2147483647;
			files = (
				12F86B002AA226A9003FD240 /* Preview Assets.xcassets in Resources */,
				12F86AFC2AA226A9003FD240 /* Assets.xcassets in Resources */,
			);
			runOnlyForDeploymentPostprocessing = 0;
		};
/* End PBXResourcesBuildPhase section */

/* Begin PBXSourcesBuildPhase section */
		12F86AEB2AA226A8003FD240 /* Sources */ = {
			isa = PBXSourcesBuildPhase;
			buildActionMask = 2147483647;
			files = (
				12F86AF32AA226A8003FD240 /* lingoesApp.swift in Sources */,
				12F86B182AA23834003FD240 /* SizeBox.swift in Sources */,
				12F86AF82AA226A8003FD240 /* lingoes.xcdatamodeld in Sources */,
				12F86B1D2AA23B17003FD240 /* ButtonStyles.swift in Sources */,
				12F86AFA2AA226A8003FD240 /* ContentView.swift in Sources */,
				12F86B152AA22E88003FD240 /* HomeView.swift in Sources */,
				12F86B232AA25344003FD240 /* OnboardingControl.swift in Sources */,
				12F86B1F2AA24E1B003FD240 /* OnBoardingViewModel.swift in Sources */,
				12F86B272AA25BA5003FD240 /* AuthView.swift in Sources */,
				12F86B0E2AA22D0A003FD240 /* OnboardingView.swift in Sources */,
				12F86AF52AA226A8003FD240 /* Persistence.swift in Sources */,
			);
			runOnlyForDeploymentPostprocessing = 0;
		};
/* End PBXSourcesBuildPhase section */

/* Begin XCBuildConfiguration section */
		12F86B012AA226A9003FD240 /* Debug */ = {
			isa = XCBuildConfiguration;
			buildSettings = {
				ALWAYS_SEARCH_USER_PATHS = NO;
				CLANG_ANALYZER_NONNULL = YES;
				CLANG_ANALYZER_NUMBER_OBJECT_CONVERSION = YES_AGGRESSIVE;
				CLANG_CXX_LANGUAGE_STANDARD = "gnu++20";
				CLANG_ENABLE_MODULES = YES;
				CLANG_ENABLE_OBJC_ARC = YES;
				CLANG_ENABLE_OBJC_WEAK = YES;
				CLANG_WARN_BLOCK_CAPTURE_AUTORELEASING = YES;
				CLANG_WARN_BOOL_CONVERSION = YES;
				CLANG_WARN_COMMA = YES;
				CLANG_WARN_CONSTANT_CONVERSION = YES;
				CLANG_WARN_DEPRECATED_OBJC_IMPLEMENTATIONS = YES;
				CLANG_WARN_DIRECT_OBJC_ISA_USAGE = YES_ERROR;
				CLANG_WARN_DOCUMENTATION_COMMENTS = YES;
				CLANG_WARN_EMPTY_BODY = YES;
				CLANG_WARN_ENUM_CONVERSION = YES;
				CLANG_WARN_INFINITE_RECURSION = YES;
				CLANG_WARN_INT_CONVERSION = YES;
				CLANG_WARN_NON_LITERAL_NULL_CONVERSION = YES;
				CLANG_WARN_OBJC_IMPLICIT_RETAIN_SELF = YES;
				CLANG_WARN_OBJC_LITERAL_CONVERSION = YES;
				CLANG_WARN_OBJC_ROOT_CLASS = YES_ERROR;
				CLANG_WARN_QUOTED_INCLUDE_IN_FRAMEWORK_HEADER = YES;
				CLANG_WARN_RANGE_LOOP_ANALYSIS = YES;
				CLANG_WARN_STRICT_PROTOTYPES = YES;
				CLANG_WARN_SUSPICIOUS_MOVE = YES;
				CLANG_WARN_UNGUARDED_AVAILABILITY = YES_AGGRESSIVE;
				CLANG_WARN_UNREACHABLE_CODE = YES;
				CLANG_WARN__DUPLICATE_METHOD_MATCH = YES;
				COPY_PHASE_STRIP = NO;
				DEBUG_INFORMATION_FORMAT = dwarf;
				ENABLE_STRICT_OBJC_MSGSEND = YES;
				ENABLE_TESTABILITY = YES;
				GCC_C_LANGUAGE_STANDARD = gnu11;
				GCC_DYNAMIC_NO_PIC = NO;
				GCC_NO_COMMON_BLOCKS = YES;
				GCC_OPTIMIZATION_LEVEL = 0;
				GCC_PREPROCESSOR_DEFINITIONS = (
					"DEBUG=1",
					"$(inherited)",
				);
				GCC_WARN_64_TO_32_BIT_CONVERSION = YES;
				GCC_WARN_ABOUT_RETURN_TYPE = YES_ERROR;
				GCC_WARN_UNDECLARED_SELECTOR = YES;
				GCC_WARN_UNINITIALIZED_AUTOS = YES_AGGRESSIVE;
				GCC_WARN_UNUSED_FUNCTION = YES;
				GCC_WARN_UNUSED_VARIABLE = YES;
				MTL_ENABLE_DEBUG_INFO = INCLUDE_SOURCE;
				MTL_FAST_MATH = YES;
				ONLY_ACTIVE_ARCH = YES;
				SWIFT_ACTIVE_COMPILATION_CONDITIONS = DEBUG;
				SWIFT_OPTIMIZATION_LEVEL = "-Onone";
			};
			name = Debug;
		};
		12F86B022AA226A9003FD240 /* Release */ = {
			isa = XCBuildConfiguration;
			buildSettings = {
				ALWAYS_SEARCH_USER_PATHS = NO;
				CLANG_ANALYZER_NONNULL = YES;
				CLANG_ANALYZER_NUMBER_OBJECT_CONVERSION = YES_AGGRESSIVE;
				CLANG_CXX_LANGUAGE_STANDARD = "gnu++20";
				CLANG_ENABLE_MODULES = YES;
				CLANG_ENABLE_OBJC_ARC = YES;
				CLANG_ENABLE_OBJC_WEAK = YES;
				CLANG_WARN_BLOCK_CAPTURE_AUTORELEASING = YES;
				CLANG_WARN_BOOL_CONVERSION = YES;
				CLANG_WARN_COMMA = YES;
				CLANG_WARN_CONSTANT_CONVERSION = YES;
				CLANG_WARN_DEPRECATED_OBJC_IMPLEMENTATIONS = YES;
				CLANG_WARN_DIRECT_OBJC_ISA_USAGE = YES_ERROR;
				CLANG_WARN_DOCUMENTATION_COMMENTS = YES;
				CLANG_WARN_EMPTY_BODY = YES;
				CLANG_WARN_ENUM_CONVERSION = YES;
				CLANG_WARN_INFINITE_RECURSION = YES;
				CLANG_WARN_INT_CONVERSION = YES;
				CLANG_WARN_NON_LITERAL_NULL_CONVERSION = YES;
				CLANG_WARN_OBJC_IMPLICIT_RETAIN_SELF = YES;
				CLANG_WARN_OBJC_LITERAL_CONVERSION = YES;
				CLANG_WARN_OBJC_ROOT_CLASS = YES_ERROR;
				CLANG_WARN_QUOTED_INCLUDE_IN_FRAMEWORK_HEADER = YES;
				CLANG_WARN_RANGE_LOOP_ANALYSIS = YES;
				CLANG_WARN_STRICT_PROTOTYPES = YES;
				CLANG_WARN_SUSPICIOUS_MOVE = YES;
				CLANG_WARN_UNGUARDED_AVAILABILITY = YES_AGGRESSIVE;
				CLANG_WARN_UNREACHABLE_CODE = YES;
				CLANG_WARN__DUPLICATE_METHOD_MATCH = YES;
				COPY_PHASE_STRIP = NO;
				DEBUG_INFORMATION_FORMAT = "dwarf-with-dsym";
				ENABLE_NS_ASSERTIONS = NO;
				ENABLE_STRICT_OBJC_MSGSEND = YES;
				GCC_C_LANGUAGE_STANDARD = gnu11;
				GCC_NO_COMMON_BLOCKS = YES;
				GCC_WARN_64_TO_32_BIT_CONVERSION = YES;
				GCC_WARN_ABOUT_RETURN_TYPE = YES_ERROR;
				GCC_WARN_UNDECLARED_SELECTOR = YES;
				GCC_WARN_UNINITIALIZED_AUTOS = YES_AGGRESSIVE;
				GCC_WARN_UNUSED_FUNCTION = YES;
				GCC_WARN_UNUSED_VARIABLE = YES;
				MTL_ENABLE_DEBUG_INFO = NO;
				MTL_FAST_MATH = YES;
				SWIFT_COMPILATION_MODE = wholemodule;
				SWIFT_OPTIMIZATION_LEVEL = "-O";
			};
			name = Release;
		};
		12F86B042AA226A9003FD240 /* Debug */ = {
			isa = XCBuildConfiguration;
			buildSettings = {
				ASSETCATALOG_COMPILER_APPICON_NAME = AppIcon;
				ASSETCATALOG_COMPILER_GLOBAL_ACCENT_COLOR_NAME = AccentColor;
				CODE_SIGN_ENTITLEMENTS = lingoes/lingoes.entitlements;
				CODE_SIGN_STYLE = Automatic;
				CURRENT_PROJECT_VERSION = 1;
				DEVELOPMENT_ASSET_PATHS = "\"lingoes/Preview Content\"";
				DEVELOPMENT_TEAM = J3NKJ48LMS;
				ENABLE_HARDENED_RUNTIME = YES;
				ENABLE_PREVIEWS = YES;
				GENERATE_INFOPLIST_FILE = YES;
				INFOPLIST_FILE = lingoes/Info.plist;
				"INFOPLIST_KEY_UIApplicationSceneManifest_Generation[sdk=iphoneos*]" = YES;
				"INFOPLIST_KEY_UIApplicationSceneManifest_Generation[sdk=iphonesimulator*]" = YES;
				"INFOPLIST_KEY_UIApplicationSupportsIndirectInputEvents[sdk=iphoneos*]" = YES;
				"INFOPLIST_KEY_UIApplicationSupportsIndirectInputEvents[sdk=iphonesimulator*]" = YES;
				"INFOPLIST_KEY_UILaunchScreen_Generation[sdk=iphoneos*]" = YES;
				"INFOPLIST_KEY_UILaunchScreen_Generation[sdk=iphonesimulator*]" = YES;
				INFOPLIST_KEY_UIStatusBarStyle = UIStatusBarStyleDarkContent;
				"INFOPLIST_KEY_UIStatusBarStyle[sdk=iphoneos*]" = UIStatusBarStyleDefault;
				"INFOPLIST_KEY_UIStatusBarStyle[sdk=iphonesimulator*]" = UIStatusBarStyleDefault;
				INFOPLIST_KEY_UISupportedInterfaceOrientations_iPad = "UIInterfaceOrientationPortrait UIInterfaceOrientationPortraitUpsideDown UIInterfaceOrientationLandscapeLeft UIInterfaceOrientationLandscapeRight";
				INFOPLIST_KEY_UISupportedInterfaceOrientations_iPhone = "UIInterfaceOrientationPortrait UIInterfaceOrientationLandscapeLeft UIInterfaceOrientationLandscapeRight";
				IPHONEOS_DEPLOYMENT_TARGET = 16.1;
				LD_RUNPATH_SEARCH_PATHS = "@executable_path/Frameworks";
				"LD_RUNPATH_SEARCH_PATHS[sdk=macosx*]" = "@executable_path/../Frameworks";
				MACOSX_DEPLOYMENT_TARGET = 13.3;
				MARKETING_VERSION = 1.0;
				PRODUCT_BUNDLE_IDENTIFIER = dev.guen.lingoes;
				PRODUCT_NAME = "$(TARGET_NAME)";
				SDKROOT = auto;
				SUPPORTED_PLATFORMS = "iphoneos iphonesimulator macosx";
				SWIFT_EMIT_LOC_STRINGS = YES;
				SWIFT_VERSION = 5.0;
				TARGETED_DEVICE_FAMILY = "1,2";
			};
			name = Debug;
		};
		12F86B052AA226A9003FD240 /* Release */ = {
			isa = XCBuildConfiguration;
			buildSettings = {
				ASSETCATALOG_COMPILER_APPICON_NAME = AppIcon;
				ASSETCATALOG_COMPILER_GLOBAL_ACCENT_COLOR_NAME = AccentColor;
				CODE_SIGN_ENTITLEMENTS = lingoes/lingoes.entitlements;
				CODE_SIGN_STYLE = Automatic;
				CURRENT_PROJECT_VERSION = 1;
				DEVELOPMENT_ASSET_PATHS = "\"lingoes/Preview Content\"";
				DEVELOPMENT_TEAM = J3NKJ48LMS;
				ENABLE_HARDENED_RUNTIME = YES;
				ENABLE_PREVIEWS = YES;
				GENERATE_INFOPLIST_FILE = YES;
				INFOPLIST_FILE = lingoes/Info.plist;
				"INFOPLIST_KEY_UIApplicationSceneManifest_Generation[sdk=iphoneos*]" = YES;
				"INFOPLIST_KEY_UIApplicationSceneManifest_Generation[sdk=iphonesimulator*]" = YES;
				"INFOPLIST_KEY_UIApplicationSupportsIndirectInputEvents[sdk=iphoneos*]" = YES;
				"INFOPLIST_KEY_UIApplicationSupportsIndirectInputEvents[sdk=iphonesimulator*]" = YES;
				"INFOPLIST_KEY_UILaunchScreen_Generation[sdk=iphoneos*]" = YES;
				"INFOPLIST_KEY_UILaunchScreen_Generation[sdk=iphonesimulator*]" = YES;
				INFOPLIST_KEY_UIStatusBarStyle = UIStatusBarStyleDarkContent;
				"INFOPLIST_KEY_UIStatusBarStyle[sdk=iphoneos*]" = UIStatusBarStyleDefault;
				"INFOPLIST_KEY_UIStatusBarStyle[sdk=iphonesimulator*]" = UIStatusBarStyleDefault;
				INFOPLIST_KEY_UISupportedInterfaceOrientations_iPad = "UIInterfaceOrientationPortrait UIInterfaceOrientationPortraitUpsideDown UIInterfaceOrientationLandscapeLeft UIInterfaceOrientationLandscapeRight";
				INFOPLIST_KEY_UISupportedInterfaceOrientations_iPhone = "UIInterfaceOrientationPortrait UIInterfaceOrientationLandscapeLeft UIInterfaceOrientationLandscapeRight";
				IPHONEOS_DEPLOYMENT_TARGET = 16.1;
				LD_RUNPATH_SEARCH_PATHS = "@executable_path/Frameworks";
				"LD_RUNPATH_SEARCH_PATHS[sdk=macosx*]" = "@executable_path/../Frameworks";
				MACOSX_DEPLOYMENT_TARGET = 13.3;
				MARKETING_VERSION = 1.0;
				PRODUCT_BUNDLE_IDENTIFIER = dev.guen.lingoes;
				PRODUCT_NAME = "$(TARGET_NAME)";
				SDKROOT = auto;
				SUPPORTED_PLATFORMS = "iphoneos iphonesimulator macosx";
				SWIFT_EMIT_LOC_STRINGS = YES;
				SWIFT_VERSION = 5.0;
				TARGETED_DEVICE_FAMILY = "1,2";
			};
			name = Release;
		};
/* End XCBuildConfiguration section */

/* Begin XCConfigurationList section */
		12F86AEA2AA226A8003FD240 /* Build configuration list for PBXProject "lingoes" */ = {
			isa = XCConfigurationList;
			buildConfigurations = (
				12F86B012AA226A9003FD240 /* Debug */,
				12F86B022AA226A9003FD240 /* Release */,
			);
			defaultConfigurationIsVisible = 0;
			defaultConfigurationName = Release;
		};
		12F86B032AA226A9003FD240 /* Build configuration list for PBXNativeTarget "lingoes" */ = {
			isa = XCConfigurationList;
			buildConfigurations = (
				12F86B042AA226A9003FD240 /* Debug */,
				12F86B052AA226A9003FD240 /* Release */,
			);
			defaultConfigurationIsVisible = 0;
			defaultConfigurationName = Release;
		};
/* End XCConfigurationList section */

/* Begin XCVersionGroup section */
		12F86AF62AA226A8003FD240 /* lingoes.xcdatamodeld */ = {
			isa = XCVersionGroup;
			children = (
				12F86AF72AA226A8003FD240 /* lingoes.xcdatamodel */,
			);
			currentVersion = 12F86AF72AA226A8003FD240 /* lingoes.xcdatamodel */;
			path = lingoes.xcdatamodeld;
			sourceTree = "<group>";
			versionGroupType = wrapper.xcdatamodel;
		};
/* End XCVersionGroup section */
	};
	rootObject = 12F86AE72AA226A8003FD240 /* Project object */;
}
