// !$*UTF8*$!
{
	archiveVersion = 1;
	classes = {
	};
	objectVersion = 56;
	objects = {

/* Begin PBXBuildFile section */
		121B85B32AA5ED080095FEA8 /* OverlookAvatar.swift in Sources */ = {isa = PBXBuildFile; fileRef = 121B85B22AA5ED080095FEA8 /* OverlookAvatar.swift */; };
		121B85B52AA5ED2D0095FEA8 /* OverDescription.swift in Sources */ = {isa = PBXBuildFile; fileRef = 121B85B42AA5ED2D0095FEA8 /* OverDescription.swift */; };
		121B85B82AA5EE900095FEA8 /* OverlookFriends.swift in Sources */ = {isa = PBXBuildFile; fileRef = 121B85B72AA5EE900095FEA8 /* OverlookFriends.swift */; };
		121B85BC2AA5F47F0095FEA8 /* OverlookViewModel.swift in Sources */ = {isa = PBXBuildFile; fileRef = 121B85BB2AA5F47F0095FEA8 /* OverlookViewModel.swift */; };
		121B85BE2AA5F5CC0095FEA8 /* ScrollOffserListener.swift in Sources */ = {isa = PBXBuildFile; fileRef = 121B85BD2AA5F5CC0095FEA8 /* ScrollOffserListener.swift */; };
		121B85C02AA5FC1A0095FEA8 /* OverlookMeta.swift in Sources */ = {isa = PBXBuildFile; fileRef = 121B85BF2AA5FC1A0095FEA8 /* OverlookMeta.swift */; };
		121B85C22AA5FE840095FEA8 /* OverlookLevels.swift in Sources */ = {isa = PBXBuildFile; fileRef = 121B85C12AA5FE840095FEA8 /* OverlookLevels.swift */; };
		121B85C52AA5FF9F0095FEA8 /* Level.swift in Sources */ = {isa = PBXBuildFile; fileRef = 121B85C42AA5FF9F0095FEA8 /* Level.swift */; };
		121B85C72AA602580095FEA8 /* OverlookLevelItem.swift in Sources */ = {isa = PBXBuildFile; fileRef = 121B85C62AA602580095FEA8 /* OverlookLevelItem.swift */; };
		121B85CE2AA60B4D0095FEA8 /* DottedLine.swift in Sources */ = {isa = PBXBuildFile; fileRef = 121B85CD2AA60B4D0095FEA8 /* DottedLine.swift */; };
		121B85D02AA62FA20095FEA8 /* OverlookWord.swift in Sources */ = {isa = PBXBuildFile; fileRef = 121B85CF2AA62FA20095FEA8 /* OverlookWord.swift */; };
		121B85D72AA6C2770095FEA8 /* SwipeActions in Frameworks */ = {isa = PBXBuildFile; productRef = 121B85D62AA6C2770095FEA8 /* SwipeActions */; };
		128C2F2E2AA6F6DE003A4845 /* DiscoveryView.swift in Sources */ = {isa = PBXBuildFile; fileRef = 128C2F2D2AA6F6DE003A4845 /* DiscoveryView.swift */; };
		128C2F302AA71628003A4845 /* DiscoveryAppBar.swift in Sources */ = {isa = PBXBuildFile; fileRef = 128C2F2F2AA71628003A4845 /* DiscoveryAppBar.swift */; };
		128C2F332AA716A0003A4845 /* DiscoverySearch.swift in Sources */ = {isa = PBXBuildFile; fileRef = 128C2F322AA716A0003A4845 /* DiscoverySearch.swift */; };
		128C2F352AA7174D003A4845 /* DiscoveryViewModel.swift in Sources */ = {isa = PBXBuildFile; fileRef = 128C2F342AA7174D003A4845 /* DiscoveryViewModel.swift */; };
		129750692AA83FFF00A3CECA /* Color.swift in Sources */ = {isa = PBXBuildFile; fileRef = 129750682AA83FFF00A3CECA /* Color.swift */; };
		12BED22D2AA7315D003AAA88 /* DiscoveryRecommendation.swift in Sources */ = {isa = PBXBuildFile; fileRef = 12BED22C2AA7315D003AAA88 /* DiscoveryRecommendation.swift */; };
		12BED22F2AA74301003AAA88 /* BasicCarouselSlider.swift in Sources */ = {isa = PBXBuildFile; fileRef = 12BED22E2AA74301003AAA88 /* BasicCarouselSlider.swift */; };
		12E926762AA6E33700E18179 /* NativePartialSheet in Frameworks */ = {isa = PBXBuildFile; productRef = 12E926752AA6E33700E18179 /* NativePartialSheet */; };
		12F86AF32AA226A8003FD240 /* lingoesApp.swift in Sources */ = {isa = PBXBuildFile; fileRef = 12F86AF22AA226A8003FD240 /* lingoesApp.swift */; };
		12F86AF52AA226A8003FD240 /* Persistence.swift in Sources */ = {isa = PBXBuildFile; fileRef = 12F86AF42AA226A8003FD240 /* Persistence.swift */; };
		12F86AF82AA226A8003FD240 /* lingoes.xcdatamodeld in Sources */ = {isa = PBXBuildFile; fileRef = 12F86AF62AA226A8003FD240 /* lingoes.xcdatamodeld */; };
		12F86AFA2AA226A8003FD240 /* ContentView.swift in Sources */ = {isa = PBXBuildFile; fileRef = 12F86AF92AA226A8003FD240 /* ContentView.swift */; };
		12F86AFC2AA226A9003FD240 /* Assets.xcassets in Resources */ = {isa = PBXBuildFile; fileRef = 12F86AFB2AA226A9003FD240 /* Assets.xcassets */; };
		12F86B002AA226A9003FD240 /* Preview Assets.xcassets in Resources */ = {isa = PBXBuildFile; fileRef = 12F86AFF2AA226A9003FD240 /* Preview Assets.xcassets */; };
		12F86B0E2AA22D0A003FD240 /* OnboardingView.swift in Sources */ = {isa = PBXBuildFile; fileRef = 12F86B0D2AA22D0A003FD240 /* OnboardingView.swift */; };
		12F86B152AA22E88003FD240 /* HomeView.swift in Sources */ = {isa = PBXBuildFile; fileRef = 12F86B142AA22E88003FD240 /* HomeView.swift */; };
		12F86B182AA23834003FD240 /* SizeBox.swift in Sources */ = {isa = PBXBuildFile; fileRef = 12F86B172AA23834003FD240 /* SizeBox.swift */; };
		12F86B1D2AA23B17003FD240 /* ButtonStyles.swift in Sources */ = {isa = PBXBuildFile; fileRef = 12F86B1C2AA23B17003FD240 /* ButtonStyles.swift */; };
		12F86B1F2AA24E1B003FD240 /* OnBoardingViewModel.swift in Sources */ = {isa = PBXBuildFile; fileRef = 12F86B1E2AA24E1B003FD240 /* OnBoardingViewModel.swift */; };
		12F86B232AA25344003FD240 /* OnboardingControl.swift in Sources */ = {isa = PBXBuildFile; fileRef = 12F86B222AA25344003FD240 /* OnboardingControl.swift */; };
		12F86B272AA25BA5003FD240 /* AuthView.swift in Sources */ = {isa = PBXBuildFile; fileRef = 12F86B262AA25BA5003FD240 /* AuthView.swift */; };
		12F86B2C2AA2E58E003FD240 /* AuthViewModel.swift in Sources */ = {isa = PBXBuildFile; fileRef = 12F86B2B2AA2E58E003FD240 /* AuthViewModel.swift */; };
		12F86B302AA34185003FD240 /* AuthForm.swift in Sources */ = {isa = PBXBuildFile; fileRef = 12F86B2F2AA34185003FD240 /* AuthForm.swift */; };
		12F86B322AA341D5003FD240 /* AuthSocial.swift in Sources */ = {isa = PBXBuildFile; fileRef = 12F86B312AA341D5003FD240 /* AuthSocial.swift */; };
		12F86B352AA34492003FD240 /* AuthMode.swift in Sources */ = {isa = PBXBuildFile; fileRef = 12F86B342AA34492003FD240 /* AuthMode.swift */; };
		12F86B372AA344E3003FD240 /* AuthSwitcher.swift in Sources */ = {isa = PBXBuildFile; fileRef = 12F86B362AA344E3003FD240 /* AuthSwitcher.swift */; };
		12F86B3B2AA34990003FD240 /* MainView.swift in Sources */ = {isa = PBXBuildFile; fileRef = 12F86B3A2AA34990003FD240 /* MainView.swift */; };
		12F86B3E2AA34A1E003FD240 /* MainTab.swift in Sources */ = {isa = PBXBuildFile; fileRef = 12F86B3D2AA34A1E003FD240 /* MainTab.swift */; };
		12F86B422AA34AB5003FD240 /* MainTabView.swift in Sources */ = {isa = PBXBuildFile; fileRef = 12F86B412AA34AB5003FD240 /* MainTabView.swift */; };
		12F86B452AA34AE4003FD240 /* MainViewModel.swift in Sources */ = {isa = PBXBuildFile; fileRef = 12F86B442AA34AE4003FD240 /* MainViewModel.swift */; };
		12F86B472AA34B62003FD240 /* MainTabItem.swift in Sources */ = {isa = PBXBuildFile; fileRef = 12F86B462AA34B62003FD240 /* MainTabItem.swift */; };
		12F86B4B2AA37628003FD240 /* GoogleService-Info.plist in Resources */ = {isa = PBXBuildFile; fileRef = 12F86B4A2AA37628003FD240 /* GoogleService-Info.plist */; };
		12F86B4E2AA376F0003FD240 /* FirebaseAnalytics in Frameworks */ = {isa = PBXBuildFile; productRef = 12F86B4D2AA376F0003FD240 /* FirebaseAnalytics */; };
		12F86B502AA376F0003FD240 /* FirebaseAuth in Frameworks */ = {isa = PBXBuildFile; productRef = 12F86B4F2AA376F0003FD240 /* FirebaseAuth */; };
		12F86B522AA38820003FD240 /* NotificationService.swift in Sources */ = {isa = PBXBuildFile; fileRef = 12F86B512AA38820003FD240 /* NotificationService.swift */; };
		12F86B602AA38BF1003FD240 /* Toast.swift in Sources */ = {isa = PBXBuildFile; fileRef = 12F86B5F2AA38BF1003FD240 /* Toast.swift */; };
		12F86B622AA38C2E003FD240 /* ToastViewModel.swift in Sources */ = {isa = PBXBuildFile; fileRef = 12F86B612AA38C2E003FD240 /* ToastViewModel.swift */; };
		12F86B642AA38EA6003FD240 /* ToastView.swift in Sources */ = {isa = PBXBuildFile; fileRef = 12F86B632AA38EA6003FD240 /* ToastView.swift */; };
		12F86B662AA3A094003FD240 /* Keyboard.swift in Sources */ = {isa = PBXBuildFile; fileRef = 12F86B652AA3A094003FD240 /* Keyboard.swift */; };
		12F86B682AA3A721003FD240 /* AuthFocusableField.swift in Sources */ = {isa = PBXBuildFile; fileRef = 12F86B672AA3A721003FD240 /* AuthFocusableField.swift */; };
		12F86B6A2AA3B276003FD240 /* OverlookView.swift in Sources */ = {isa = PBXBuildFile; fileRef = 12F86B692AA3B276003FD240 /* OverlookView.swift */; };
		12F86B6C2AA40F33003FD240 /* AppBar.swift in Sources */ = {isa = PBXBuildFile; fileRef = 12F86B6B2AA40F33003FD240 /* AppBar.swift */; };
		12F86B722AA417BA003FD240 /* SettingsView.swift in Sources */ = {isa = PBXBuildFile; fileRef = 12F86B712AA417BA003FD240 /* SettingsView.swift */; };
		12F86B742AA41CBA003FD240 /* IconButton.swift in Sources */ = {isa = PBXBuildFile; fileRef = 12F86B732AA41CBA003FD240 /* IconButton.swift */; };
		12F86B762AA41EDE003FD240 /* SettingUser.swift in Sources */ = {isa = PBXBuildFile; fileRef = 12F86B752AA41EDE003FD240 /* SettingUser.swift */; };
		12F86B782AA41F57003FD240 /* SettingsOverview.swift in Sources */ = {isa = PBXBuildFile; fileRef = 12F86B772AA41F57003FD240 /* SettingsOverview.swift */; };
		12F86B7A2AA4284D003FD240 /* SettingOverviewItem.swift in Sources */ = {isa = PBXBuildFile; fileRef = 12F86B792AA4284D003FD240 /* SettingOverviewItem.swift */; };
		12F86B7D2AA42F35003FD240 /* WrappingHStack in Frameworks */ = {isa = PBXBuildFile; productRef = 12F86B7C2AA42F35003FD240 /* WrappingHStack */; };
		12F86B802AA43185003FD240 /* SizeDetector.swift in Sources */ = {isa = PBXBuildFile; fileRef = 12F86B7F2AA43185003FD240 /* SizeDetector.swift */; };
		12F86B822AA43CF7003FD240 /* SettingsMenu.swift in Sources */ = {isa = PBXBuildFile; fileRef = 12F86B812AA43CF7003FD240 /* SettingsMenu.swift */; };
		12F86B842AA44561003FD240 /* SettingsViewModel.swift in Sources */ = {isa = PBXBuildFile; fileRef = 12F86B832AA44561003FD240 /* SettingsViewModel.swift */; };
		12F86B882AA47541003FD240 /* SettingMenuItem.swift in Sources */ = {isa = PBXBuildFile; fileRef = 12F86B872AA47541003FD240 /* SettingMenuItem.swift */; };
		12F86B8C2AA47CAC003FD240 /* AnalyticView.swift in Sources */ = {isa = PBXBuildFile; fileRef = 12F86B8B2AA47CAC003FD240 /* AnalyticView.swift */; };
/* End PBXBuildFile section */

/* Begin PBXFileReference section */
		121B85B22AA5ED080095FEA8 /* OverlookAvatar.swift */ = {isa = PBXFileReference; lastKnownFileType = sourcecode.swift; path = OverlookAvatar.swift; sourceTree = "<group>"; };
		121B85B42AA5ED2D0095FEA8 /* OverDescription.swift */ = {isa = PBXFileReference; lastKnownFileType = sourcecode.swift; path = OverDescription.swift; sourceTree = "<group>"; };
		121B85B72AA5EE900095FEA8 /* OverlookFriends.swift */ = {isa = PBXFileReference; lastKnownFileType = sourcecode.swift; path = OverlookFriends.swift; sourceTree = "<group>"; };
		121B85BB2AA5F47F0095FEA8 /* OverlookViewModel.swift */ = {isa = PBXFileReference; lastKnownFileType = sourcecode.swift; path = OverlookViewModel.swift; sourceTree = "<group>"; };
		121B85BD2AA5F5CC0095FEA8 /* ScrollOffserListener.swift */ = {isa = PBXFileReference; lastKnownFileType = sourcecode.swift; path = ScrollOffserListener.swift; sourceTree = "<group>"; };
		121B85BF2AA5FC1A0095FEA8 /* OverlookMeta.swift */ = {isa = PBXFileReference; lastKnownFileType = sourcecode.swift; path = OverlookMeta.swift; sourceTree = "<group>"; };
		121B85C12AA5FE840095FEA8 /* OverlookLevels.swift */ = {isa = PBXFileReference; lastKnownFileType = sourcecode.swift; path = OverlookLevels.swift; sourceTree = "<group>"; };
		121B85C42AA5FF9F0095FEA8 /* Level.swift */ = {isa = PBXFileReference; lastKnownFileType = sourcecode.swift; path = Level.swift; sourceTree = "<group>"; };
		121B85C62AA602580095FEA8 /* OverlookLevelItem.swift */ = {isa = PBXFileReference; lastKnownFileType = sourcecode.swift; path = OverlookLevelItem.swift; sourceTree = "<group>"; };
		121B85CD2AA60B4D0095FEA8 /* DottedLine.swift */ = {isa = PBXFileReference; lastKnownFileType = sourcecode.swift; path = DottedLine.swift; sourceTree = "<group>"; };
		121B85CF2AA62FA20095FEA8 /* OverlookWord.swift */ = {isa = PBXFileReference; lastKnownFileType = sourcecode.swift; path = OverlookWord.swift; sourceTree = "<group>"; };
		128C2F2D2AA6F6DE003A4845 /* DiscoveryView.swift */ = {isa = PBXFileReference; lastKnownFileType = sourcecode.swift; path = DiscoveryView.swift; sourceTree = "<group>"; };
		128C2F2F2AA71628003A4845 /* DiscoveryAppBar.swift */ = {isa = PBXFileReference; lastKnownFileType = sourcecode.swift; path = DiscoveryAppBar.swift; sourceTree = "<group>"; };
		128C2F322AA716A0003A4845 /* DiscoverySearch.swift */ = {isa = PBXFileReference; lastKnownFileType = sourcecode.swift; path = DiscoverySearch.swift; sourceTree = "<group>"; };
		128C2F342AA7174D003A4845 /* DiscoveryViewModel.swift */ = {isa = PBXFileReference; lastKnownFileType = sourcecode.swift; path = DiscoveryViewModel.swift; sourceTree = "<group>"; };
		129750682AA83FFF00A3CECA /* Color.swift */ = {isa = PBXFileReference; lastKnownFileType = sourcecode.swift; path = Color.swift; sourceTree = "<group>"; };
		12BED22C2AA7315D003AAA88 /* DiscoveryRecommendation.swift */ = {isa = PBXFileReference; lastKnownFileType = sourcecode.swift; path = DiscoveryRecommendation.swift; sourceTree = "<group>"; };
		12BED22E2AA74301003AAA88 /* BasicCarouselSlider.swift */ = {isa = PBXFileReference; lastKnownFileType = sourcecode.swift; path = BasicCarouselSlider.swift; sourceTree = "<group>"; };
		12F86AEF2AA226A8003FD240 /* lingoes.app */ = {isa = PBXFileReference; explicitFileType = wrapper.application; includeInIndex = 0; path = lingoes.app; sourceTree = BUILT_PRODUCTS_DIR; };
		12F86AF22AA226A8003FD240 /* lingoesApp.swift */ = {isa = PBXFileReference; lastKnownFileType = sourcecode.swift; path = lingoesApp.swift; sourceTree = "<group>"; };
		12F86AF42AA226A8003FD240 /* Persistence.swift */ = {isa = PBXFileReference; lastKnownFileType = sourcecode.swift; path = Persistence.swift; sourceTree = "<group>"; };
		12F86AF72AA226A8003FD240 /* lingoes.xcdatamodel */ = {isa = PBXFileReference; lastKnownFileType = wrapper.xcdatamodel; path = lingoes.xcdatamodel; sourceTree = "<group>"; };
		12F86AF92AA226A8003FD240 /* ContentView.swift */ = {isa = PBXFileReference; lastKnownFileType = sourcecode.swift; path = ContentView.swift; sourceTree = "<group>"; };
		12F86AFB2AA226A9003FD240 /* Assets.xcassets */ = {isa = PBXFileReference; lastKnownFileType = folder.assetcatalog; path = Assets.xcassets; sourceTree = "<group>"; };
		12F86AFD2AA226A9003FD240 /* lingoes.entitlements */ = {isa = PBXFileReference; lastKnownFileType = text.plist.entitlements; path = lingoes.entitlements; sourceTree = "<group>"; };
		12F86AFF2AA226A9003FD240 /* Preview Assets.xcassets */ = {isa = PBXFileReference; lastKnownFileType = folder.assetcatalog; path = "Preview Assets.xcassets"; sourceTree = "<group>"; };
		12F86B062AA22ACF003FD240 /* Info.plist */ = {isa = PBXFileReference; lastKnownFileType = text.plist; path = Info.plist; sourceTree = "<group>"; };
		12F86B0D2AA22D0A003FD240 /* OnboardingView.swift */ = {isa = PBXFileReference; lastKnownFileType = sourcecode.swift; path = OnboardingView.swift; sourceTree = "<group>"; };
		12F86B142AA22E88003FD240 /* HomeView.swift */ = {isa = PBXFileReference; lastKnownFileType = sourcecode.swift; path = HomeView.swift; sourceTree = "<group>"; };
		12F86B172AA23834003FD240 /* SizeBox.swift */ = {isa = PBXFileReference; lastKnownFileType = sourcecode.swift; path = SizeBox.swift; sourceTree = "<group>"; };
		12F86B1C2AA23B17003FD240 /* ButtonStyles.swift */ = {isa = PBXFileReference; lastKnownFileType = sourcecode.swift; path = ButtonStyles.swift; sourceTree = "<group>"; };
		12F86B1E2AA24E1B003FD240 /* OnBoardingViewModel.swift */ = {isa = PBXFileReference; lastKnownFileType = sourcecode.swift; path = OnBoardingViewModel.swift; sourceTree = "<group>"; };
		12F86B222AA25344003FD240 /* OnboardingControl.swift */ = {isa = PBXFileReference; lastKnownFileType = sourcecode.swift; path = OnboardingControl.swift; sourceTree = "<group>"; };
		12F86B262AA25BA5003FD240 /* AuthView.swift */ = {isa = PBXFileReference; lastKnownFileType = sourcecode.swift; path = AuthView.swift; sourceTree = "<group>"; };
		12F86B2B2AA2E58E003FD240 /* AuthViewModel.swift */ = {isa = PBXFileReference; lastKnownFileType = sourcecode.swift; path = AuthViewModel.swift; sourceTree = "<group>"; };
		12F86B2F2AA34185003FD240 /* AuthForm.swift */ = {isa = PBXFileReference; lastKnownFileType = sourcecode.swift; path = AuthForm.swift; sourceTree = "<group>"; };
		12F86B312AA341D5003FD240 /* AuthSocial.swift */ = {isa = PBXFileReference; lastKnownFileType = sourcecode.swift; path = AuthSocial.swift; sourceTree = "<group>"; };
		12F86B342AA34492003FD240 /* AuthMode.swift */ = {isa = PBXFileReference; lastKnownFileType = sourcecode.swift; path = AuthMode.swift; sourceTree = "<group>"; };
		12F86B362AA344E3003FD240 /* AuthSwitcher.swift */ = {isa = PBXFileReference; lastKnownFileType = sourcecode.swift; path = AuthSwitcher.swift; sourceTree = "<group>"; };
		12F86B3A2AA34990003FD240 /* MainView.swift */ = {isa = PBXFileReference; lastKnownFileType = sourcecode.swift; path = MainView.swift; sourceTree = "<group>"; };
		12F86B3D2AA34A1E003FD240 /* MainTab.swift */ = {isa = PBXFileReference; lastKnownFileType = sourcecode.swift; path = MainTab.swift; sourceTree = "<group>"; };
		12F86B412AA34AB5003FD240 /* MainTabView.swift */ = {isa = PBXFileReference; lastKnownFileType = sourcecode.swift; path = MainTabView.swift; sourceTree = "<group>"; };
		12F86B442AA34AE4003FD240 /* MainViewModel.swift */ = {isa = PBXFileReference; lastKnownFileType = sourcecode.swift; path = MainViewModel.swift; sourceTree = "<group>"; };
		12F86B462AA34B62003FD240 /* MainTabItem.swift */ = {isa = PBXFileReference; lastKnownFileType = sourcecode.swift; path = MainTabItem.swift; sourceTree = "<group>"; };
		12F86B4A2AA37628003FD240 /* GoogleService-Info.plist */ = {isa = PBXFileReference; fileEncoding = 4; lastKnownFileType = text.plist.xml; path = "GoogleService-Info.plist"; sourceTree = "<group>"; };
		12F86B512AA38820003FD240 /* NotificationService.swift */ = {isa = PBXFileReference; lastKnownFileType = sourcecode.swift; path = NotificationService.swift; sourceTree = "<group>"; };
		12F86B5F2AA38BF1003FD240 /* Toast.swift */ = {isa = PBXFileReference; lastKnownFileType = sourcecode.swift; path = Toast.swift; sourceTree = "<group>"; };
		12F86B612AA38C2E003FD240 /* ToastViewModel.swift */ = {isa = PBXFileReference; lastKnownFileType = sourcecode.swift; path = ToastViewModel.swift; sourceTree = "<group>"; };
		12F86B632AA38EA6003FD240 /* ToastView.swift */ = {isa = PBXFileReference; lastKnownFileType = sourcecode.swift; path = ToastView.swift; sourceTree = "<group>"; };
		12F86B652AA3A094003FD240 /* Keyboard.swift */ = {isa = PBXFileReference; lastKnownFileType = sourcecode.swift; path = Keyboard.swift; sourceTree = "<group>"; };
		12F86B672AA3A721003FD240 /* AuthFocusableField.swift */ = {isa = PBXFileReference; lastKnownFileType = sourcecode.swift; path = AuthFocusableField.swift; sourceTree = "<group>"; };
		12F86B692AA3B276003FD240 /* OverlookView.swift */ = {isa = PBXFileReference; lastKnownFileType = sourcecode.swift; path = OverlookView.swift; sourceTree = "<group>"; };
		12F86B6B2AA40F33003FD240 /* AppBar.swift */ = {isa = PBXFileReference; lastKnownFileType = sourcecode.swift; path = AppBar.swift; sourceTree = "<group>"; };
		12F86B712AA417BA003FD240 /* SettingsView.swift */ = {isa = PBXFileReference; lastKnownFileType = sourcecode.swift; path = SettingsView.swift; sourceTree = "<group>"; };
		12F86B732AA41CBA003FD240 /* IconButton.swift */ = {isa = PBXFileReference; lastKnownFileType = sourcecode.swift; path = IconButton.swift; sourceTree = "<group>"; };
		12F86B752AA41EDE003FD240 /* SettingUser.swift */ = {isa = PBXFileReference; lastKnownFileType = sourcecode.swift; path = SettingUser.swift; sourceTree = "<group>"; };
		12F86B772AA41F57003FD240 /* SettingsOverview.swift */ = {isa = PBXFileReference; lastKnownFileType = sourcecode.swift; path = SettingsOverview.swift; sourceTree = "<group>"; };
		12F86B792AA4284D003FD240 /* SettingOverviewItem.swift */ = {isa = PBXFileReference; lastKnownFileType = sourcecode.swift; path = SettingOverviewItem.swift; sourceTree = "<group>"; };
		12F86B7F2AA43185003FD240 /* SizeDetector.swift */ = {isa = PBXFileReference; lastKnownFileType = sourcecode.swift; path = SizeDetector.swift; sourceTree = "<group>"; };
		12F86B812AA43CF7003FD240 /* SettingsMenu.swift */ = {isa = PBXFileReference; lastKnownFileType = sourcecode.swift; path = SettingsMenu.swift; sourceTree = "<group>"; };
		12F86B832AA44561003FD240 /* SettingsViewModel.swift */ = {isa = PBXFileReference; lastKnownFileType = sourcecode.swift; path = SettingsViewModel.swift; sourceTree = "<group>"; };
		12F86B872AA47541003FD240 /* SettingMenuItem.swift */ = {isa = PBXFileReference; lastKnownFileType = sourcecode.swift; path = SettingMenuItem.swift; sourceTree = "<group>"; };
		12F86B8B2AA47CAC003FD240 /* AnalyticView.swift */ = {isa = PBXFileReference; lastKnownFileType = sourcecode.swift; path = AnalyticView.swift; sourceTree = "<group>"; };
/* End PBXFileReference section */

/* Begin PBXFrameworksBuildPhase section */
		12F86AEC2AA226A8003FD240 /* Frameworks */ = {
			isa = PBXFrameworksBuildPhase;
			buildActionMask = 2147483647;
			files = (
				12F86B4E2AA376F0003FD240 /* FirebaseAnalytics in Frameworks */,
				121B85D72AA6C2770095FEA8 /* SwipeActions in Frameworks */,
				12E926762AA6E33700E18179 /* NativePartialSheet in Frameworks */,
				12F86B7D2AA42F35003FD240 /* WrappingHStack in Frameworks */,
				12F86B502AA376F0003FD240 /* FirebaseAuth in Frameworks */,
			);
			runOnlyForDeploymentPostprocessing = 0;
		};
/* End PBXFrameworksBuildPhase section */

/* Begin PBXGroup section */
		121B85B92AA5F4630095FEA8 /* ViewModels */ = {
			isa = PBXGroup;
			children = (
				121B85BB2AA5F47F0095FEA8 /* OverlookViewModel.swift */,
			);
			path = ViewModels;
			sourceTree = "<group>";
		};
		121B85BA2AA5F46A0095FEA8 /* Models */ = {
			isa = PBXGroup;
			children = (
			);
			path = Models;
			sourceTree = "<group>";
		};
		121B85C32AA5FF810095FEA8 /* Models */ = {
			isa = PBXGroup;
			children = (
				121B85C42AA5FF9F0095FEA8 /* Level.swift */,
			);
			path = Models;
			sourceTree = "<group>";
		};
		121B85CC2AA60B3F0095FEA8 /* Shapes */ = {
			isa = PBXGroup;
			children = (
				121B85CD2AA60B4D0095FEA8 /* DottedLine.swift */,
			);
			path = Shapes;
			sourceTree = "<group>";
		};
		121B85D22AA631420095FEA8 /* Extentions */ = {
			isa = PBXGroup;
			children = (
				129750682AA83FFF00A3CECA /* Color.swift */,
			);
			path = Extentions;
			sourceTree = "<group>";
		};
		128C2F292AA6F6B3003A4845 /* Discovery */ = {
			isa = PBXGroup;
			children = (
				128C2F2B2AA6F6CA003A4845 /* ViewModels */,
				128C2F2A2AA6F6C2003A4845 /* Views */,
			);
			path = Discovery;
			sourceTree = "<group>";
		};
		128C2F2A2AA6F6C2003A4845 /* Views */ = {
			isa = PBXGroup;
			children = (
				128C2F2D2AA6F6DE003A4845 /* DiscoveryView.swift */,
				128C2F2F2AA71628003A4845 /* DiscoveryAppBar.swift */,
				128C2F322AA716A0003A4845 /* DiscoverySearch.swift */,
				12BED22C2AA7315D003AAA88 /* DiscoveryRecommendation.swift */,
			);
			path = Views;
			sourceTree = "<group>";
		};
		128C2F2B2AA6F6CA003A4845 /* ViewModels */ = {
			isa = PBXGroup;
			children = (
				128C2F342AA7174D003A4845 /* DiscoveryViewModel.swift */,
			);
			path = ViewModels;
			sourceTree = "<group>";
		};
		12F86AE62AA226A8003FD240 = {
			isa = PBXGroup;
			children = (
				12F86AF12AA226A8003FD240 /* lingoes */,
				12F86AF02AA226A8003FD240 /* Products */,
			);
			sourceTree = "<group>";
		};
		12F86AF02AA226A8003FD240 /* Products */ = {
			isa = PBXGroup;
			children = (
				12F86AEF2AA226A8003FD240 /* lingoes.app */,
			);
			name = Products;
			sourceTree = "<group>";
		};
		12F86AF12AA226A8003FD240 /* lingoes */ = {
			isa = PBXGroup;
			children = (
				12F86B0A2AA22C28003FD240 /* Helpers */,
				121B85C32AA5FF810095FEA8 /* Models */,
				12F86B092AA22C1A003FD240 /* Services */,
				12F86B072AA22BDF003FD240 /* Screens */,
				12F86B0B2AA22C59003FD240 /* Shared */,
				12F86AFE2AA226A9003FD240 /* Preview Content */,
				12F86AFB2AA226A9003FD240 /* Assets.xcassets */,
				12F86AF92AA226A8003FD240 /* ContentView.swift */,
				12F86B062AA22ACF003FD240 /* Info.plist */,
				12F86AFD2AA226A9003FD240 /* lingoes.entitlements */,
				12F86AF62AA226A8003FD240 /* lingoes.xcdatamodeld */,
				12F86AF22AA226A8003FD240 /* lingoesApp.swift */,
				12F86B4A2AA37628003FD240 /* GoogleService-Info.plist */,
				12F86AF42AA226A8003FD240 /* Persistence.swift */,
			);
			path = lingoes;
			sourceTree = "<group>";
		};
		12F86AFE2AA226A9003FD240 /* Preview Content */ = {
			isa = PBXGroup;
			children = (
				12F86AFF2AA226A9003FD240 /* Preview Assets.xcassets */,
			);
			path = "Preview Content";
			sourceTree = "<group>";
		};
		12F86B072AA22BDF003FD240 /* Screens */ = {
			isa = PBXGroup;
			children = (
				12F86B892AA47C7F003FD240 /* Analytic */,
				12F86B242AA25B93003FD240 /* Auth */,
				128C2F292AA6F6B3003A4845 /* Discovery */,
				12F86B122AA22E6E003FD240 /* Home */,
				12F86B382AA3497A003FD240 /* Main */,
				12F86B0C2AA22CE9003FD240 /* Onboarding */,
				12F86B482AA34DE6003FD240 /* Overlook */,
				12F86B6D2AA41790003FD240 /* Settings */,
				12F86B5A2AA38A76003FD240 /* Toast */,
			);
			path = Screens;
			sourceTree = "<group>";
		};
		12F86B092AA22C1A003FD240 /* Services */ = {
			isa = PBXGroup;
			children = (
				12F86B5B2AA38B85003FD240 /* Notifications */,
			);
			path = Services;
			sourceTree = "<group>";
		};
		12F86B0A2AA22C28003FD240 /* Helpers */ = {
			isa = PBXGroup;
			children = (
				12F86B652AA3A094003FD240 /* Keyboard.swift */,
			);
			path = Helpers;
			sourceTree = "<group>";
		};
		12F86B0B2AA22C59003FD240 /* Shared */ = {
			isa = PBXGroup;
			children = (
				121B85D22AA631420095FEA8 /* Extentions */,
				121B85CC2AA60B3F0095FEA8 /* Shapes */,
				12F86B7E2AA4316C003FD240 /* Modifiers */,
				12F86B1B2AA23AFE003FD240 /* Styles */,
				12F86B162AA23803003FD240 /* Views */,
			);
			path = Shared;
			sourceTree = "<group>";
		};
		12F86B0C2AA22CE9003FD240 /* Onboarding */ = {
			isa = PBXGroup;
			children = (
				12F86B112AA22D80003FD240 /* Models */,
				12F86B102AA22D6A003FD240 /* ViewModels */,
				12F86B0F2AA22D58003FD240 /* Views */,
			);
			path = Onboarding;
			sourceTree = "<group>";
		};
		12F86B0F2AA22D58003FD240 /* Views */ = {
			isa = PBXGroup;
			children = (
				12F86B0D2AA22D0A003FD240 /* OnboardingView.swift */,
				12F86B222AA25344003FD240 /* OnboardingControl.swift */,
			);
			path = Views;
			sourceTree = "<group>";
		};
		12F86B102AA22D6A003FD240 /* ViewModels */ = {
			isa = PBXGroup;
			children = (
				12F86B1E2AA24E1B003FD240 /* OnBoardingViewModel.swift */,
			);
			path = ViewModels;
			sourceTree = "<group>";
		};
		12F86B112AA22D80003FD240 /* Models */ = {
			isa = PBXGroup;
			children = (
			);
			path = Models;
			sourceTree = "<group>";
		};
		12F86B122AA22E6E003FD240 /* Home */ = {
			isa = PBXGroup;
			children = (
				12F86B132AA22E7A003FD240 /* Views */,
			);
			path = Home;
			sourceTree = "<group>";
		};
		12F86B132AA22E7A003FD240 /* Views */ = {
			isa = PBXGroup;
			children = (
				12F86B142AA22E88003FD240 /* HomeView.swift */,
			);
			path = Views;
			sourceTree = "<group>";
		};
		12F86B162AA23803003FD240 /* Views */ = {
			isa = PBXGroup;
			children = (
				12F86B172AA23834003FD240 /* SizeBox.swift */,
				12F86B6B2AA40F33003FD240 /* AppBar.swift */,
				121B85BD2AA5F5CC0095FEA8 /* ScrollOffserListener.swift */,
				12BED22E2AA74301003AAA88 /* BasicCarouselSlider.swift */,
			);
			path = Views;
			sourceTree = "<group>";
		};
		12F86B1B2AA23AFE003FD240 /* Styles */ = {
			isa = PBXGroup;
			children = (
				12F86B1C2AA23B17003FD240 /* ButtonStyles.swift */,
				12F86B732AA41CBA003FD240 /* IconButton.swift */,
			);
			path = Styles;
			sourceTree = "<group>";
		};
		12F86B242AA25B93003FD240 /* Auth */ = {
			isa = PBXGroup;
			children = (
				12F86B332AA34485003FD240 /* Models */,
				12F86B2A2AA2E580003FD240 /* ViewModels */,
				12F86B252AA25B99003FD240 /* Views */,
			);
			path = Auth;
			sourceTree = "<group>";
		};
		12F86B252AA25B99003FD240 /* Views */ = {
			isa = PBXGroup;
			children = (
				12F86B262AA25BA5003FD240 /* AuthView.swift */,
				12F86B2F2AA34185003FD240 /* AuthForm.swift */,
				12F86B312AA341D5003FD240 /* AuthSocial.swift */,
				12F86B362AA344E3003FD240 /* AuthSwitcher.swift */,
			);
			path = Views;
			sourceTree = "<group>";
		};
		12F86B2A2AA2E580003FD240 /* ViewModels */ = {
			isa = PBXGroup;
			children = (
				12F86B2B2AA2E58E003FD240 /* AuthViewModel.swift */,
			);
			path = ViewModels;
			sourceTree = "<group>";
		};
		12F86B332AA34485003FD240 /* Models */ = {
			isa = PBXGroup;
			children = (
				12F86B342AA34492003FD240 /* AuthMode.swift */,
				12F86B672AA3A721003FD240 /* AuthFocusableField.swift */,
			);
			path = Models;
			sourceTree = "<group>";
		};
		12F86B382AA3497A003FD240 /* Main */ = {
			isa = PBXGroup;
			children = (
				12F86B3C2AA34A12003FD240 /* Models */,
				12F86B432AA34AD2003FD240 /* ViewModels */,
				12F86B392AA34986003FD240 /* Views */,
			);
			path = Main;
			sourceTree = "<group>";
		};
		12F86B392AA34986003FD240 /* Views */ = {
			isa = PBXGroup;
			children = (
				12F86B3A2AA34990003FD240 /* MainView.swift */,
				12F86B412AA34AB5003FD240 /* MainTabView.swift */,
			);
			path = Views;
			sourceTree = "<group>";
		};
		12F86B3C2AA34A12003FD240 /* Models */ = {
			isa = PBXGroup;
			children = (
				12F86B3D2AA34A1E003FD240 /* MainTab.swift */,
				12F86B462AA34B62003FD240 /* MainTabItem.swift */,
			);
			path = Models;
			sourceTree = "<group>";
		};
		12F86B432AA34AD2003FD240 /* ViewModels */ = {
			isa = PBXGroup;
			children = (
				12F86B442AA34AE4003FD240 /* MainViewModel.swift */,
			);
			path = ViewModels;
			sourceTree = "<group>";
		};
		12F86B482AA34DE6003FD240 /* Overlook */ = {
			isa = PBXGroup;
			children = (
				121B85BA2AA5F46A0095FEA8 /* Models */,
				121B85B92AA5F4630095FEA8 /* ViewModels */,
				12F86B492AA34DFC003FD240 /* Views */,
			);
			path = Overlook;
			sourceTree = "<group>";
		};
		12F86B492AA34DFC003FD240 /* Views */ = {
			isa = PBXGroup;
			children = (
				12F86B692AA3B276003FD240 /* OverlookView.swift */,
				121B85B22AA5ED080095FEA8 /* OverlookAvatar.swift */,
				121B85B42AA5ED2D0095FEA8 /* OverDescription.swift */,
				121B85B72AA5EE900095FEA8 /* OverlookFriends.swift */,
				121B85BF2AA5FC1A0095FEA8 /* OverlookMeta.swift */,
				121B85C12AA5FE840095FEA8 /* OverlookLevels.swift */,
				121B85C62AA602580095FEA8 /* OverlookLevelItem.swift */,
				121B85CF2AA62FA20095FEA8 /* OverlookWord.swift */,
			);
			path = Views;
			sourceTree = "<group>";
		};
		12F86B5A2AA38A76003FD240 /* Toast */ = {
			isa = PBXGroup;
			children = (
				12F86B5E2AA38BE1003FD240 /* Models */,
				12F86B5D2AA38BDA003FD240 /* ViewModels */,
				12F86B5C2AA38BD5003FD240 /* Views */,
			);
			path = Toast;
			sourceTree = "<group>";
		};
		12F86B5B2AA38B85003FD240 /* Notifications */ = {
			isa = PBXGroup;
			children = (
				12F86B512AA38820003FD240 /* NotificationService.swift */,
			);
			path = Notifications;
			sourceTree = "<group>";
		};
		12F86B5C2AA38BD5003FD240 /* Views */ = {
			isa = PBXGroup;
			children = (
				12F86B632AA38EA6003FD240 /* ToastView.swift */,
			);
			path = Views;
			sourceTree = "<group>";
		};
		12F86B5D2AA38BDA003FD240 /* ViewModels */ = {
			isa = PBXGroup;
			children = (
				12F86B612AA38C2E003FD240 /* ToastViewModel.swift */,
			);
			path = ViewModels;
			sourceTree = "<group>";
		};
		12F86B5E2AA38BE1003FD240 /* Models */ = {
			isa = PBXGroup;
			children = (
				12F86B5F2AA38BF1003FD240 /* Toast.swift */,
			);
			path = Models;
			sourceTree = "<group>";
		};
		12F86B6D2AA41790003FD240 /* Settings */ = {
			isa = PBXGroup;
			children = (
				12F86B702AA417A5003FD240 /* Models */,
				12F86B6E2AA41795003FD240 /* Views */,
				12F86B6F2AA4179C003FD240 /* ViewsModels */,
			);
			path = Settings;
			sourceTree = "<group>";
		};
		12F86B6E2AA41795003FD240 /* Views */ = {
			isa = PBXGroup;
			children = (
				12F86B712AA417BA003FD240 /* SettingsView.swift */,
				12F86B752AA41EDE003FD240 /* SettingUser.swift */,
				12F86B772AA41F57003FD240 /* SettingsOverview.swift */,
				12F86B812AA43CF7003FD240 /* SettingsMenu.swift */,
			);
			path = Views;
			sourceTree = "<group>";
		};
		12F86B6F2AA4179C003FD240 /* ViewsModels */ = {
			isa = PBXGroup;
			children = (
				12F86B832AA44561003FD240 /* SettingsViewModel.swift */,
			);
			path = ViewsModels;
			sourceTree = "<group>";
		};
		12F86B702AA417A5003FD240 /* Models */ = {
			isa = PBXGroup;
			children = (
				12F86B792AA4284D003FD240 /* SettingOverviewItem.swift */,
				12F86B872AA47541003FD240 /* SettingMenuItem.swift */,
			);
			path = Models;
			sourceTree = "<group>";
		};
		12F86B7E2AA4316C003FD240 /* Modifiers */ = {
			isa = PBXGroup;
			children = (
				12F86B7F2AA43185003FD240 /* SizeDetector.swift */,
			);
			path = Modifiers;
			sourceTree = "<group>";
		};
		12F86B892AA47C7F003FD240 /* Analytic */ = {
			isa = PBXGroup;
			children = (
				12F86B8A2AA47C9A003FD240 /* Views */,
			);
			path = Analytic;
			sourceTree = "<group>";
		};
		12F86B8A2AA47C9A003FD240 /* Views */ = {
			isa = PBXGroup;
			children = (
				12F86B8B2AA47CAC003FD240 /* AnalyticView.swift */,
			);
			path = Views;
			sourceTree = "<group>";
		};
/* End PBXGroup section */

/* Begin PBXNativeTarget section */
		12F86AEE2AA226A8003FD240 /* lingoes */ = {
			isa = PBXNativeTarget;
			buildConfigurationList = 12F86B032AA226A9003FD240 /* Build configuration list for PBXNativeTarget "lingoes" */;
			buildPhases = (
				12F86AEB2AA226A8003FD240 /* Sources */,
				12F86AEC2AA226A8003FD240 /* Frameworks */,
				12F86AED2AA226A8003FD240 /* Resources */,
			);
			buildRules = (
			);
			dependencies = (
			);
			name = lingoes;
			packageProductDependencies = (
				12F86B4D2AA376F0003FD240 /* FirebaseAnalytics */,
				12F86B4F2AA376F0003FD240 /* FirebaseAuth */,
				12F86B7C2AA42F35003FD240 /* WrappingHStack */,
				121B85D62AA6C2770095FEA8 /* SwipeActions */,
				12E926752AA6E33700E18179 /* NativePartialSheet */,
			);
			productName = lingoes;
			productReference = 12F86AEF2AA226A8003FD240 /* lingoes.app */;
			productType = "com.apple.product-type.application";
		};
/* End PBXNativeTarget section */

/* Begin PBXProject section */
		12F86AE72AA226A8003FD240 /* Project object */ = {
			isa = PBXProject;
			attributes = {
				BuildIndependentTargetsInParallel = 1;
				LastSwiftUpdateCheck = 1430;
				LastUpgradeCheck = 1430;
				TargetAttributes = {
					12F86AEE2AA226A8003FD240 = {
						CreatedOnToolsVersion = 14.3.1;
					};
				};
			};
			buildConfigurationList = 12F86AEA2AA226A8003FD240 /* Build configuration list for PBXProject "lingoes" */;
			compatibilityVersion = "Xcode 14.0";
			developmentRegion = en;
			hasScannedForEncodings = 0;
			knownRegions = (
				en,
				Base,
			);
			mainGroup = 12F86AE62AA226A8003FD240;
			packageReferences = (
				12F86B4C2AA376F0003FD240 /* XCRemoteSwiftPackageReference "firebase-ios-sdk" */,
				12F86B7B2AA42F35003FD240 /* XCRemoteSwiftPackageReference "WrappingHStack" */,
				121B85D52AA6C2770095FEA8 /* XCRemoteSwiftPackageReference "SwipeActions" */,
				12E926742AA6E33700E18179 /* XCRemoteSwiftPackageReference "NativePartialSheet" */,
			);
			productRefGroup = 12F86AF02AA226A8003FD240 /* Products */;
			projectDirPath = "";
			projectRoot = "";
			targets = (
				12F86AEE2AA226A8003FD240 /* lingoes */,
			);
		};
/* End PBXProject section */

/* Begin PBXResourcesBuildPhase section */
		12F86AED2AA226A8003FD240 /* Resources */ = {
			isa = PBXResourcesBuildPhase;
			buildActionMask = 2147483647;
			files = (
				12F86B002AA226A9003FD240 /* Preview Assets.xcassets in Resources */,
				12F86AFC2AA226A9003FD240 /* Assets.xcassets in Resources */,
				12F86B4B2AA37628003FD240 /* GoogleService-Info.plist in Resources */,
			);
			runOnlyForDeploymentPostprocessing = 0;
		};
/* End PBXResourcesBuildPhase section */

/* Begin PBXSourcesBuildPhase section */
		12F86AEB2AA226A8003FD240 /* Sources */ = {
			isa = PBXSourcesBuildPhase;
			buildActionMask = 2147483647;
			files = (
				12F86B882AA47541003FD240 /* SettingMenuItem.swift in Sources */,
				12F86AF32AA226A8003FD240 /* lingoesApp.swift in Sources */,
				128C2F302AA71628003A4845 /* DiscoveryAppBar.swift in Sources */,
				12F86B182AA23834003FD240 /* SizeBox.swift in Sources */,
				12F86AF82AA226A8003FD240 /* lingoes.xcdatamodeld in Sources */,
				12F86B1D2AA23B17003FD240 /* ButtonStyles.swift in Sources */,
				12F86B3E2AA34A1E003FD240 /* MainTab.swift in Sources */,
				12F86B802AA43185003FD240 /* SizeDetector.swift in Sources */,
				12F86B742AA41CBA003FD240 /* IconButton.swift in Sources */,
				12F86B422AA34AB5003FD240 /* MainTabView.swift in Sources */,
				121B85B82AA5EE900095FEA8 /* OverlookFriends.swift in Sources */,
				129750692AA83FFF00A3CECA /* Color.swift in Sources */,
				121B85C72AA602580095FEA8 /* OverlookLevelItem.swift in Sources */,
				12F86B472AA34B62003FD240 /* MainTabItem.swift in Sources */,
				12F86AFA2AA226A8003FD240 /* ContentView.swift in Sources */,
				121B85BC2AA5F47F0095FEA8 /* OverlookViewModel.swift in Sources */,
				12F86B762AA41EDE003FD240 /* SettingUser.swift in Sources */,
				121B85C02AA5FC1A0095FEA8 /* OverlookMeta.swift in Sources */,
				128C2F2E2AA6F6DE003A4845 /* DiscoveryView.swift in Sources */,
				12F86B152AA22E88003FD240 /* HomeView.swift in Sources */,
				12F86B232AA25344003FD240 /* OnboardingControl.swift in Sources */,
				12F86B8C2AA47CAC003FD240 /* AnalyticView.swift in Sources */,
				12F86B842AA44561003FD240 /* SettingsViewModel.swift in Sources */,
				12F86B1F2AA24E1B003FD240 /* OnBoardingViewModel.swift in Sources */,
				12F86B372AA344E3003FD240 /* AuthSwitcher.swift in Sources */,
				128C2F332AA716A0003A4845 /* DiscoverySearch.swift in Sources */,
				12F86B522AA38820003FD240 /* NotificationService.swift in Sources */,
				12F86B6C2AA40F33003FD240 /* AppBar.swift in Sources */,
				121B85C22AA5FE840095FEA8 /* OverlookLevels.swift in Sources */,
				12F86B2C2AA2E58E003FD240 /* AuthViewModel.swift in Sources */,
				121B85D02AA62FA20095FEA8 /* OverlookWord.swift in Sources */,
				12F86B722AA417BA003FD240 /* SettingsView.swift in Sources */,
				12BED22D2AA7315D003AAA88 /* DiscoveryRecommendation.swift in Sources */,
				121B85B52AA5ED2D0095FEA8 /* OverDescription.swift in Sources */,
				12F86B642AA38EA6003FD240 /* ToastView.swift in Sources */,
				121B85B32AA5ED080095FEA8 /* OverlookAvatar.swift in Sources */,
				12F86B272AA25BA5003FD240 /* AuthView.swift in Sources */,
				121B85BE2AA5F5CC0095FEA8 /* ScrollOffserListener.swift in Sources */,
				12F86B3B2AA34990003FD240 /* MainView.swift in Sources */,
				12BED22F2AA74301003AAA88 /* BasicCarouselSlider.swift in Sources */,
				128C2F352AA7174D003A4845 /* DiscoveryViewModel.swift in Sources */,
				12F86B0E2AA22D0A003FD240 /* OnboardingView.swift in Sources */,
				12F86B662AA3A094003FD240 /* Keyboard.swift in Sources */,
				12F86B452AA34AE4003FD240 /* MainViewModel.swift in Sources */,
				12F86B302AA34185003FD240 /* AuthForm.swift in Sources */,
				12F86B352AA34492003FD240 /* AuthMode.swift in Sources */,
				12F86B822AA43CF7003FD240 /* SettingsMenu.swift in Sources */,
				12F86B322AA341D5003FD240 /* AuthSocial.swift in Sources */,
				12F86B602AA38BF1003FD240 /* Toast.swift in Sources */,
				12F86B682AA3A721003FD240 /* AuthFocusableField.swift in Sources */,
				12F86B6A2AA3B276003FD240 /* OverlookView.swift in Sources */,
				12F86B7A2AA4284D003FD240 /* SettingOverviewItem.swift in Sources */,
				12F86B622AA38C2E003FD240 /* ToastViewModel.swift in Sources */,
				12F86AF52AA226A8003FD240 /* Persistence.swift in Sources */,
				121B85CE2AA60B4D0095FEA8 /* DottedLine.swift in Sources */,
				12F86B782AA41F57003FD240 /* SettingsOverview.swift in Sources */,
				121B85C52AA5FF9F0095FEA8 /* Level.swift in Sources */,
			);
			runOnlyForDeploymentPostprocessing = 0;
		};
/* End PBXSourcesBuildPhase section */

/* Begin XCBuildConfiguration section */
		12F86B012AA226A9003FD240 /* Debug */ = {
			isa = XCBuildConfiguration;
			buildSettings = {
				ALWAYS_SEARCH_USER_PATHS = NO;
				CLANG_ANALYZER_NONNULL = YES;
				CLANG_ANALYZER_NUMBER_OBJECT_CONVERSION = YES_AGGRESSIVE;
				CLANG_CXX_LANGUAGE_STANDARD = "gnu++20";
				CLANG_ENABLE_MODULES = YES;
				CLANG_ENABLE_OBJC_ARC = YES;
				CLANG_ENABLE_OBJC_WEAK = YES;
				CLANG_WARN_BLOCK_CAPTURE_AUTORELEASING = YES;
				CLANG_WARN_BOOL_CONVERSION = YES;
				CLANG_WARN_COMMA = YES;
				CLANG_WARN_CONSTANT_CONVERSION = YES;
				CLANG_WARN_DEPRECATED_OBJC_IMPLEMENTATIONS = YES;
				CLANG_WARN_DIRECT_OBJC_ISA_USAGE = YES_ERROR;
				CLANG_WARN_DOCUMENTATION_COMMENTS = YES;
				CLANG_WARN_EMPTY_BODY = YES;
				CLANG_WARN_ENUM_CONVERSION = YES;
				CLANG_WARN_INFINITE_RECURSION = YES;
				CLANG_WARN_INT_CONVERSION = YES;
				CLANG_WARN_NON_LITERAL_NULL_CONVERSION = YES;
				CLANG_WARN_OBJC_IMPLICIT_RETAIN_SELF = YES;
				CLANG_WARN_OBJC_LITERAL_CONVERSION = YES;
				CLANG_WARN_OBJC_ROOT_CLASS = YES_ERROR;
				CLANG_WARN_QUOTED_INCLUDE_IN_FRAMEWORK_HEADER = YES;
				CLANG_WARN_RANGE_LOOP_ANALYSIS = YES;
				CLANG_WARN_STRICT_PROTOTYPES = YES;
				CLANG_WARN_SUSPICIOUS_MOVE = YES;
				CLANG_WARN_UNGUARDED_AVAILABILITY = YES_AGGRESSIVE;
				CLANG_WARN_UNREACHABLE_CODE = YES;
				CLANG_WARN__DUPLICATE_METHOD_MATCH = YES;
				COPY_PHASE_STRIP = NO;
				DEBUG_INFORMATION_FORMAT = dwarf;
				ENABLE_STRICT_OBJC_MSGSEND = YES;
				ENABLE_TESTABILITY = YES;
				GCC_C_LANGUAGE_STANDARD = gnu11;
				GCC_DYNAMIC_NO_PIC = NO;
				GCC_NO_COMMON_BLOCKS = YES;
				GCC_OPTIMIZATION_LEVEL = 0;
				GCC_PREPROCESSOR_DEFINITIONS = (
					"DEBUG=1",
					"$(inherited)",
				);
				GCC_WARN_64_TO_32_BIT_CONVERSION = YES;
				GCC_WARN_ABOUT_RETURN_TYPE = YES_ERROR;
				GCC_WARN_UNDECLARED_SELECTOR = YES;
				GCC_WARN_UNINITIALIZED_AUTOS = YES_AGGRESSIVE;
				GCC_WARN_UNUSED_FUNCTION = YES;
				GCC_WARN_UNUSED_VARIABLE = YES;
				MTL_ENABLE_DEBUG_INFO = INCLUDE_SOURCE;
				MTL_FAST_MATH = YES;
				ONLY_ACTIVE_ARCH = YES;
				SWIFT_ACTIVE_COMPILATION_CONDITIONS = DEBUG;
				SWIFT_OPTIMIZATION_LEVEL = "-Onone";
			};
			name = Debug;
		};
		12F86B022AA226A9003FD240 /* Release */ = {
			isa = XCBuildConfiguration;
			buildSettings = {
				ALWAYS_SEARCH_USER_PATHS = NO;
				CLANG_ANALYZER_NONNULL = YES;
				CLANG_ANALYZER_NUMBER_OBJECT_CONVERSION = YES_AGGRESSIVE;
				CLANG_CXX_LANGUAGE_STANDARD = "gnu++20";
				CLANG_ENABLE_MODULES = YES;
				CLANG_ENABLE_OBJC_ARC = YES;
				CLANG_ENABLE_OBJC_WEAK = YES;
				CLANG_WARN_BLOCK_CAPTURE_AUTORELEASING = YES;
				CLANG_WARN_BOOL_CONVERSION = YES;
				CLANG_WARN_COMMA = YES;
				CLANG_WARN_CONSTANT_CONVERSION = YES;
				CLANG_WARN_DEPRECATED_OBJC_IMPLEMENTATIONS = YES;
				CLANG_WARN_DIRECT_OBJC_ISA_USAGE = YES_ERROR;
				CLANG_WARN_DOCUMENTATION_COMMENTS = YES;
				CLANG_WARN_EMPTY_BODY = YES;
				CLANG_WARN_ENUM_CONVERSION = YES;
				CLANG_WARN_INFINITE_RECURSION = YES;
				CLANG_WARN_INT_CONVERSION = YES;
				CLANG_WARN_NON_LITERAL_NULL_CONVERSION = YES;
				CLANG_WARN_OBJC_IMPLICIT_RETAIN_SELF = YES;
				CLANG_WARN_OBJC_LITERAL_CONVERSION = YES;
				CLANG_WARN_OBJC_ROOT_CLASS = YES_ERROR;
				CLANG_WARN_QUOTED_INCLUDE_IN_FRAMEWORK_HEADER = YES;
				CLANG_WARN_RANGE_LOOP_ANALYSIS = YES;
				CLANG_WARN_STRICT_PROTOTYPES = YES;
				CLANG_WARN_SUSPICIOUS_MOVE = YES;
				CLANG_WARN_UNGUARDED_AVAILABILITY = YES_AGGRESSIVE;
				CLANG_WARN_UNREACHABLE_CODE = YES;
				CLANG_WARN__DUPLICATE_METHOD_MATCH = YES;
				COPY_PHASE_STRIP = NO;
				DEBUG_INFORMATION_FORMAT = "dwarf-with-dsym";
				ENABLE_NS_ASSERTIONS = NO;
				ENABLE_STRICT_OBJC_MSGSEND = YES;
				GCC_C_LANGUAGE_STANDARD = gnu11;
				GCC_NO_COMMON_BLOCKS = YES;
				GCC_WARN_64_TO_32_BIT_CONVERSION = YES;
				GCC_WARN_ABOUT_RETURN_TYPE = YES_ERROR;
				GCC_WARN_UNDECLARED_SELECTOR = YES;
				GCC_WARN_UNINITIALIZED_AUTOS = YES_AGGRESSIVE;
				GCC_WARN_UNUSED_FUNCTION = YES;
				GCC_WARN_UNUSED_VARIABLE = YES;
				MTL_ENABLE_DEBUG_INFO = NO;
				MTL_FAST_MATH = YES;
				SWIFT_COMPILATION_MODE = wholemodule;
				SWIFT_OPTIMIZATION_LEVEL = "-O";
			};
			name = Release;
		};
		12F86B042AA226A9003FD240 /* Debug */ = {
			isa = XCBuildConfiguration;
			buildSettings = {
				ASSETCATALOG_COMPILER_APPICON_NAME = AppIcon;
				ASSETCATALOG_COMPILER_GLOBAL_ACCENT_COLOR_NAME = AccentColor;
				CODE_SIGN_ENTITLEMENTS = lingoes/lingoes.entitlements;
				CODE_SIGN_STYLE = Automatic;
				CURRENT_PROJECT_VERSION = 1;
				DEVELOPMENT_ASSET_PATHS = "\"lingoes/Preview Content\"";
				DEVELOPMENT_TEAM = J3NKJ48LMS;
				ENABLE_HARDENED_RUNTIME = YES;
				ENABLE_PREVIEWS = YES;
				GENERATE_INFOPLIST_FILE = YES;
				INFOPLIST_FILE = lingoes/Info.plist;
				INFOPLIST_KEY_CFBundleDisplayName = Lingoes;
				INFOPLIST_KEY_LSApplicationCategoryType = "public.app-category.education";
				"INFOPLIST_KEY_UIApplicationSceneManifest_Generation[sdk=iphoneos*]" = YES;
				"INFOPLIST_KEY_UIApplicationSceneManifest_Generation[sdk=iphonesimulator*]" = YES;
				"INFOPLIST_KEY_UIApplicationSupportsIndirectInputEvents[sdk=iphoneos*]" = YES;
				"INFOPLIST_KEY_UIApplicationSupportsIndirectInputEvents[sdk=iphonesimulator*]" = YES;
				"INFOPLIST_KEY_UILaunchScreen_Generation[sdk=iphoneos*]" = YES;
				"INFOPLIST_KEY_UILaunchScreen_Generation[sdk=iphonesimulator*]" = YES;
				INFOPLIST_KEY_UIStatusBarStyle = "";
				"INFOPLIST_KEY_UIStatusBarStyle[sdk=iphoneos*]" = UIStatusBarStyleDefault;
				"INFOPLIST_KEY_UIStatusBarStyle[sdk=iphonesimulator*]" = UIStatusBarStyleDefault;
				INFOPLIST_KEY_UISupportedInterfaceOrientations = "UIInterfaceOrientationLandscapeLeft UIInterfaceOrientationLandscapeRight UIInterfaceOrientationPortrait";
				INFOPLIST_KEY_UISupportedInterfaceOrientations_iPad = UIInterfaceOrientationPortrait;
				IPHONEOS_DEPLOYMENT_TARGET = 15.0;
				LD_RUNPATH_SEARCH_PATHS = "@executable_path/Frameworks";
				"LD_RUNPATH_SEARCH_PATHS[sdk=macosx*]" = "@executable_path/../Frameworks";
				MACOSX_DEPLOYMENT_TARGET = 13.3;
				MARKETING_VERSION = 1.0;
				PRODUCT_BUNDLE_IDENTIFIER = dev.guen.lingoes;
				PRODUCT_NAME = "$(TARGET_NAME)";
				SDKROOT = auto;
				SUPPORTED_PLATFORMS = "iphoneos iphonesimulator macosx";
				SWIFT_EMIT_LOC_STRINGS = YES;
				SWIFT_VERSION = 5.0;
				TARGETED_DEVICE_FAMILY = "1,2";
			};
			name = Debug;
		};
		12F86B052AA226A9003FD240 /* Release */ = {
			isa = XCBuildConfiguration;
			buildSettings = {
				ASSETCATALOG_COMPILER_APPICON_NAME = AppIcon;
				ASSETCATALOG_COMPILER_GLOBAL_ACCENT_COLOR_NAME = AccentColor;
				CODE_SIGN_ENTITLEMENTS = lingoes/lingoes.entitlements;
				CODE_SIGN_STYLE = Automatic;
				CURRENT_PROJECT_VERSION = 1;
				DEVELOPMENT_ASSET_PATHS = "\"lingoes/Preview Content\"";
				DEVELOPMENT_TEAM = J3NKJ48LMS;
				ENABLE_HARDENED_RUNTIME = YES;
				ENABLE_PREVIEWS = YES;
				GENERATE_INFOPLIST_FILE = YES;
				INFOPLIST_FILE = lingoes/Info.plist;
				INFOPLIST_KEY_CFBundleDisplayName = Lingoes;
				INFOPLIST_KEY_LSApplicationCategoryType = "public.app-category.education";
				"INFOPLIST_KEY_UIApplicationSceneManifest_Generation[sdk=iphoneos*]" = YES;
				"INFOPLIST_KEY_UIApplicationSceneManifest_Generation[sdk=iphonesimulator*]" = YES;
				"INFOPLIST_KEY_UIApplicationSupportsIndirectInputEvents[sdk=iphoneos*]" = YES;
				"INFOPLIST_KEY_UIApplicationSupportsIndirectInputEvents[sdk=iphonesimulator*]" = YES;
				"INFOPLIST_KEY_UILaunchScreen_Generation[sdk=iphoneos*]" = YES;
				"INFOPLIST_KEY_UILaunchScreen_Generation[sdk=iphonesimulator*]" = YES;
				INFOPLIST_KEY_UIStatusBarStyle = "";
				"INFOPLIST_KEY_UIStatusBarStyle[sdk=iphoneos*]" = UIStatusBarStyleDefault;
				"INFOPLIST_KEY_UIStatusBarStyle[sdk=iphonesimulator*]" = UIStatusBarStyleDefault;
				INFOPLIST_KEY_UISupportedInterfaceOrientations = "UIInterfaceOrientationLandscapeLeft UIInterfaceOrientationLandscapeRight UIInterfaceOrientationPortrait";
				INFOPLIST_KEY_UISupportedInterfaceOrientations_iPad = UIInterfaceOrientationPortrait;
				IPHONEOS_DEPLOYMENT_TARGET = 15.0;
				LD_RUNPATH_SEARCH_PATHS = "@executable_path/Frameworks";
				"LD_RUNPATH_SEARCH_PATHS[sdk=macosx*]" = "@executable_path/../Frameworks";
				MACOSX_DEPLOYMENT_TARGET = 13.3;
				MARKETING_VERSION = 1.0;
				PRODUCT_BUNDLE_IDENTIFIER = dev.guen.lingoes;
				PRODUCT_NAME = "$(TARGET_NAME)";
				SDKROOT = auto;
				SUPPORTED_PLATFORMS = "iphoneos iphonesimulator macosx";
				SWIFT_EMIT_LOC_STRINGS = YES;
				SWIFT_VERSION = 5.0;
				TARGETED_DEVICE_FAMILY = "1,2";
			};
			name = Release;
		};
/* End XCBuildConfiguration section */

/* Begin XCConfigurationList section */
		12F86AEA2AA226A8003FD240 /* Build configuration list for PBXProject "lingoes" */ = {
			isa = XCConfigurationList;
			buildConfigurations = (
				12F86B012AA226A9003FD240 /* Debug */,
				12F86B022AA226A9003FD240 /* Release */,
			);
			defaultConfigurationIsVisible = 0;
			defaultConfigurationName = Release;
		};
		12F86B032AA226A9003FD240 /* Build configuration list for PBXNativeTarget "lingoes" */ = {
			isa = XCConfigurationList;
			buildConfigurations = (
				12F86B042AA226A9003FD240 /* Debug */,
				12F86B052AA226A9003FD240 /* Release */,
			);
			defaultConfigurationIsVisible = 0;
			defaultConfigurationName = Release;
		};
/* End XCConfigurationList section */

/* Begin XCRemoteSwiftPackageReference section */
		121B85D52AA6C2770095FEA8 /* XCRemoteSwiftPackageReference "SwipeActions" */ = {
			isa = XCRemoteSwiftPackageReference;
			repositoryURL = "https://github.com/aheze/SwipeActions";
			requirement = {
				kind = upToNextMajorVersion;
				minimumVersion = 1.0.0;
			};
		};
		12E926742AA6E33700E18179 /* XCRemoteSwiftPackageReference "NativePartialSheet" */ = {
			isa = XCRemoteSwiftPackageReference;
			repositoryURL = "https://github.com/CoolONEOfficial/NativePartialSheet";
			requirement = {
				kind = upToNextMajorVersion;
				minimumVersion = 2.0.0;
			};
		};
		12F86B4C2AA376F0003FD240 /* XCRemoteSwiftPackageReference "firebase-ios-sdk" */ = {
			isa = XCRemoteSwiftPackageReference;
			repositoryURL = "https://github.com/firebase/firebase-ios-sdk";
			requirement = {
				kind = upToNextMajorVersion;
				minimumVersion = 10.0.0;
			};
		};
		12F86B7B2AA42F35003FD240 /* XCRemoteSwiftPackageReference "WrappingHStack" */ = {
			isa = XCRemoteSwiftPackageReference;
			repositoryURL = "https://github.com/dkk/WrappingHStack";
			requirement = {
				kind = upToNextMajorVersion;
				minimumVersion = 2.0.0;
			};
		};
/* End XCRemoteSwiftPackageReference section */

/* Begin XCSwiftPackageProductDependency section */
		121B85D62AA6C2770095FEA8 /* SwipeActions */ = {
			isa = XCSwiftPackageProductDependency;
			package = 121B85D52AA6C2770095FEA8 /* XCRemoteSwiftPackageReference "SwipeActions" */;
			productName = SwipeActions;
		};
		12E926752AA6E33700E18179 /* NativePartialSheet */ = {
			isa = XCSwiftPackageProductDependency;
			package = 12E926742AA6E33700E18179 /* XCRemoteSwiftPackageReference "NativePartialSheet" */;
			productName = NativePartialSheet;
		};
		12F86B4D2AA376F0003FD240 /* FirebaseAnalytics */ = {
			isa = XCSwiftPackageProductDependency;
			package = 12F86B4C2AA376F0003FD240 /* XCRemoteSwiftPackageReference "firebase-ios-sdk" */;
			productName = FirebaseAnalytics;
		};
		12F86B4F2AA376F0003FD240 /* FirebaseAuth */ = {
			isa = XCSwiftPackageProductDependency;
			package = 12F86B4C2AA376F0003FD240 /* XCRemoteSwiftPackageReference "firebase-ios-sdk" */;
			productName = FirebaseAuth;
		};
		12F86B7C2AA42F35003FD240 /* WrappingHStack */ = {
			isa = XCSwiftPackageProductDependency;
			package = 12F86B7B2AA42F35003FD240 /* XCRemoteSwiftPackageReference "WrappingHStack" */;
			productName = WrappingHStack;
		};
/* End XCSwiftPackageProductDependency section */

/* Begin XCVersionGroup section */
		12F86AF62AA226A8003FD240 /* lingoes.xcdatamodeld */ = {
			isa = XCVersionGroup;
			children = (
				12F86AF72AA226A8003FD240 /* lingoes.xcdatamodel */,
			);
			currentVersion = 12F86AF72AA226A8003FD240 /* lingoes.xcdatamodel */;
			path = lingoes.xcdatamodeld;
			sourceTree = "<group>";
			versionGroupType = wrapper.xcdatamodel;
		};
/* End XCVersionGroup section */
	};
	rootObject = 12F86AE72AA226A8003FD240 /* Project object */;
}
